{
    "name": "@ilefa/husky",
    "version": "1.1.8",
    "lockfileVersion": 2,
    "requires": true,
    "packages": {
        "": {
            "name": "@ilefa/husky",
            "version": "1.1.8",
            "license": "GPL-3.0",
            "dependencies": {
                "@types/node": "^15.0.0",
                "axios": "^0.21.1",
                "cheerio": "^1.0.0-rc.6",
                "cheerio-tableparser": "^1.0.1",
                "html-entities": "^2.3.2",
                "moment": "^2.29.1",
                "progress": "^2.0.3",
                "qs": "^6.10.1",
                "string-similarity": "^4.0.4",
                "yesno": "^0.3.1"
            },
            "devDependencies": {
                "@types/progress": "^2.0.3",
                "@types/qs": "^6.9.6",
                "@types/string-similarity": "^4.0.0",
                "ts-node": "^9.1.1",
                "typescript": "^4.2.4"
            }
        },
        "node_modules/@types/node": {
            "version": "15.0.0",
            "resolved": "https://registry.npmjs.org/@types/node/-/node-15.0.0.tgz",
            "integrity": "sha512-YN1d+ae2MCb4U0mMa+Zlb5lWTdpFShbAj5nmte6lel27waMMBfivrm0prC16p/Di3DyTrmerrYUT8/145HXxVw=="
        },
        "node_modules/@types/progress": {
            "version": "2.0.3",
            "resolved": "https://registry.npmjs.org/@types/progress/-/progress-2.0.3.tgz",
            "integrity": "sha512-bPOsfCZ4tsTlKiBjBhKnM8jpY5nmIll166IPD58D92hR7G7kZDfx5iB9wGF4NfZrdKolebjeAr3GouYkSGoJ/A==",
            "dev": true,
            "dependencies": {
                "@types/node": "*"
            }
        },
        "node_modules/@types/qs": {
            "version": "6.9.6",
            "resolved": "https://registry.npmjs.org/@types/qs/-/qs-6.9.6.tgz",
            "integrity": "sha512-0/HnwIfW4ki2D8L8c9GVcG5I72s9jP5GSLVF0VIXDW00kmIpA6O33G7a8n59Tmh7Nz0WUC3rSb7PTY/sdW2JzA==",
            "dev": true
        },
        "node_modules/@types/string-similarity": {
            "version": "4.0.0",
            "resolved": "https://registry.npmjs.org/@types/string-similarity/-/string-similarity-4.0.0.tgz",
            "integrity": "sha512-dMS4S07fbtY1AILG/RhuwmptmzK1Ql8scmAebOTJ/8iBtK/KI17NwGwKzu1uipjj8Kk+3mfPxum56kKZE93mzQ==",
            "dev": true
        },
        "node_modules/arg": {
            "version": "4.1.3",
            "resolved": "https://registry.npmjs.org/arg/-/arg-4.1.3.tgz",
            "integrity": "sha512-58S9QDqG0Xx27YwPSt9fJxivjYl432YCwfDMfZ+71RAqUrZef7LrKQZ3LHLOwCS4FLNBplP533Zx895SeOCHvA==",
            "dev": true
        },
        "node_modules/axios": {
            "version": "0.21.4",
            "resolved": "https://registry.npmjs.org/axios/-/axios-0.21.4.tgz",
            "integrity": "sha512-ut5vewkiu8jjGBdqpM44XxjuCjq9LAKeHVmoVfHVzy8eHgxxq8SbAVQNovDA8mVi05kP0Ea/n/UzcSHcTJQfNg==",
            "dependencies": {
                "follow-redirects": "^1.14.0"
            }
        },
        "node_modules/boolbase": {
            "version": "1.0.0",
            "resolved": "https://registry.npmjs.org/boolbase/-/boolbase-1.0.0.tgz",
            "integrity": "sha1-aN/1++YMUes3cl6p4+0xDcwed24="
        },
        "node_modules/buffer-from": {
            "version": "1.1.1",
            "resolved": "https://registry.npmjs.org/buffer-from/-/buffer-from-1.1.1.tgz",
            "integrity": "sha512-MQcXEUbCKtEo7bhqEs6560Hyd4XaovZlO/k9V3hjVUF/zwW7KBVdSK4gIt/bzwS9MbR5qob+F5jusZsb0YQK2A==",
            "dev": true
        },
        "node_modules/call-bind": {
            "version": "1.0.2",
            "resolved": "https://registry.npmjs.org/call-bind/-/call-bind-1.0.2.tgz",
            "integrity": "sha512-7O+FbCihrB5WGbFYesctwmTKae6rOiIzmz1icreWJ+0aA7LJfuqhEso2T9ncpcFtzMQtzXf2QGGueWJGTYsqrA==",
            "dependencies": {
                "function-bind": "^1.1.1",
                "get-intrinsic": "^1.0.2"
            },
            "funding": {
                "url": "https://github.com/sponsors/ljharb"
            }
        },
        "node_modules/cheerio": {
            "version": "1.0.0-rc.6",
            "resolved": "https://registry.npmjs.org/cheerio/-/cheerio-1.0.0-rc.6.tgz",
            "integrity": "sha512-hjx1XE1M/D5pAtMgvWwE21QClmAEeGHOIDfycgmndisdNgI6PE1cGRQkMGBcsbUbmEQyWu5PJLUcAOjtQS8DWw==",
            "dependencies": {
                "cheerio-select": "^1.3.0",
                "dom-serializer": "^1.3.1",
                "domhandler": "^4.1.0",
                "htmlparser2": "^6.1.0",
                "parse5": "^6.0.1",
                "parse5-htmlparser2-tree-adapter": "^6.0.1"
            },
            "engines": {
                "node": ">= 0.12"
            }
        },
        "node_modules/cheerio-select": {
            "version": "1.4.0",
            "resolved": "https://registry.npmjs.org/cheerio-select/-/cheerio-select-1.4.0.tgz",
            "integrity": "sha512-sobR3Yqz27L553Qa7cK6rtJlMDbiKPdNywtR95Sj/YgfpLfy0u6CGJuaBKe5YE/vTc23SCRKxWSdlon/w6I/Ew==",
            "dependencies": {
                "css-select": "^4.1.2",
                "css-what": "^5.0.0",
                "domelementtype": "^2.2.0",
                "domhandler": "^4.2.0",
                "domutils": "^2.6.0"
            },
            "funding": {
                "url": "https://github.com/sponsors/fb55"
            }
        },
        "node_modules/cheerio-tableparser": {
            "version": "1.0.1",
            "resolved": "https://registry.npmjs.org/cheerio-tableparser/-/cheerio-tableparser-1.0.1.tgz",
            "integrity": "sha1-5VrS3LU2G4wyOmy7jAzUbjy98c0="
        },
        "node_modules/create-require": {
            "version": "1.1.1",
            "resolved": "https://registry.npmjs.org/create-require/-/create-require-1.1.1.tgz",
            "integrity": "sha512-dcKFX3jn0MpIaXjisoRvexIJVEKzaq7z2rZKxf+MSr9TkdmHmsU4m2lcLojrj/FHl8mk5VxMmYA+ftRkP/3oKQ==",
            "dev": true
        },
        "node_modules/css-select": {
            "version": "4.1.2",
            "resolved": "https://registry.npmjs.org/css-select/-/css-select-4.1.2.tgz",
            "integrity": "sha512-nu5ye2Hg/4ISq4XqdLY2bEatAcLIdt3OYGFc9Tm9n7VSlFBcfRv0gBNksHRgSdUDQGtN3XrZ94ztW+NfzkFSUw==",
            "dependencies": {
                "boolbase": "^1.0.0",
                "css-what": "^5.0.0",
                "domhandler": "^4.2.0",
                "domutils": "^2.6.0",
                "nth-check": "^2.0.0"
            },
            "funding": {
                "url": "https://github.com/sponsors/fb55"
            }
        },
        "node_modules/css-what": {
            "version": "5.0.1",
            "resolved": "https://registry.npmjs.org/css-what/-/css-what-5.0.1.tgz",
            "integrity": "sha512-FYDTSHb/7KXsWICVsxdmiExPjCfRC4qRFBdVwv7Ax9hMnvMmEjP9RfxTEZ3qPZGmADDn2vAKSo9UcN1jKVYscg==",
            "engines": {
                "node": ">= 6"
            },
            "funding": {
                "url": "https://github.com/sponsors/fb55"
            }
        },
        "node_modules/diff": {
            "version": "4.0.2",
            "resolved": "https://registry.npmjs.org/diff/-/diff-4.0.2.tgz",
            "integrity": "sha512-58lmxKSA4BNyLz+HHMUzlOEpg09FV+ev6ZMe3vJihgdxzgcwZ8VoEEPmALCZG9LmqfVoNMMKpttIYTVG6uDY7A==",
            "dev": true,
            "engines": {
                "node": ">=0.3.1"
            }
        },
        "node_modules/dom-serializer": {
            "version": "1.3.1",
            "resolved": "https://registry.npmjs.org/dom-serializer/-/dom-serializer-1.3.1.tgz",
            "integrity": "sha512-Pv2ZluG5ife96udGgEDovOOOA5UELkltfJpnIExPrAk1LTvecolUGn6lIaoLh86d83GiB86CjzciMd9BuRB71Q==",
            "dependencies": {
                "domelementtype": "^2.0.1",
                "domhandler": "^4.0.0",
                "entities": "^2.0.0"
            },
            "funding": {
                "url": "https://github.com/cheeriojs/dom-serializer?sponsor=1"
            }
        },
        "node_modules/domelementtype": {
            "version": "2.2.0",
            "resolved": "https://registry.npmjs.org/domelementtype/-/domelementtype-2.2.0.tgz",
            "integrity": "sha512-DtBMo82pv1dFtUmHyr48beiuq792Sxohr+8Hm9zoxklYPfa6n0Z3Byjj2IV7bmr2IyqClnqEQhfgHJJ5QF0R5A==",
            "funding": [
                {
                    "type": "github",
                    "url": "https://github.com/sponsors/fb55"
                }
            ]
        },
        "node_modules/domhandler": {
            "version": "4.2.0",
            "resolved": "https://registry.npmjs.org/domhandler/-/domhandler-4.2.0.tgz",
            "integrity": "sha512-zk7sgt970kzPks2Bf+dwT/PLzghLnsivb9CcxkvR8Mzr66Olr0Ofd8neSbglHJHaHa2MadfoSdNlKYAaafmWfA==",
            "dependencies": {
                "domelementtype": "^2.2.0"
            },
            "engines": {
                "node": ">= 4"
            },
            "funding": {
                "url": "https://github.com/fb55/domhandler?sponsor=1"
            }
        },
        "node_modules/domutils": {
            "version": "2.6.0",
            "resolved": "https://registry.npmjs.org/domutils/-/domutils-2.6.0.tgz",
            "integrity": "sha512-y0BezHuy4MDYxh6OvolXYsH+1EMGmFbwv5FKW7ovwMG6zTPWqNPq3WF9ayZssFq+UlKdffGLbOEaghNdaOm1WA==",
            "dependencies": {
                "dom-serializer": "^1.0.1",
                "domelementtype": "^2.2.0",
                "domhandler": "^4.2.0"
            },
            "funding": {
                "url": "https://github.com/fb55/domutils?sponsor=1"
            }
        },
        "node_modules/entities": {
            "version": "2.2.0",
            "resolved": "https://registry.npmjs.org/entities/-/entities-2.2.0.tgz",
            "integrity": "sha512-p92if5Nz619I0w+akJrLZH0MX0Pb5DX39XOwQTtXSdQQOaYH03S1uIQp4mhOZtAXrxq4ViO67YTiLBo2638o9A==",
            "funding": {
                "url": "https://github.com/fb55/entities?sponsor=1"
            }
        },
        "node_modules/follow-redirects": {
            "version": "1.15.2",
            "resolved": "https://registry.npmjs.org/follow-redirects/-/follow-redirects-1.15.2.tgz",
            "integrity": "sha512-VQLG33o04KaQ8uYi2tVNbdrWp1QWxNNea+nmIB4EVM28v0hmP17z7aG1+wAkNzVq4KeXTq3221ye5qTJP91JwA==",
            "funding": [
                {
                    "type": "individual",
                    "url": "https://github.com/sponsors/RubenVerborgh"
                }
            ],
            "engines": {
                "node": ">=4.0"
            },
            "peerDependenciesMeta": {
                "debug": {
                    "optional": true
                }
            }
        },
        "node_modules/function-bind": {
            "version": "1.1.1",
            "resolved": "https://registry.npmjs.org/function-bind/-/function-bind-1.1.1.tgz",
            "integrity": "sha512-yIovAzMX49sF8Yl58fSCWJ5svSLuaibPxXQJFLmBObTuCr0Mf1KiPopGM9NiFjiYBCbfaa2Fh6breQ6ANVTI0A=="
        },
        "node_modules/get-intrinsic": {
            "version": "1.1.1",
            "resolved": "https://registry.npmjs.org/get-intrinsic/-/get-intrinsic-1.1.1.tgz",
            "integrity": "sha512-kWZrnVM42QCiEA2Ig1bG8zjoIMOgxWwYCEeNdwY6Tv/cOSeGpcoX4pXHfKUxNKVoArnrEr2e9srnAxxGIraS9Q==",
            "dependencies": {
                "function-bind": "^1.1.1",
                "has": "^1.0.3",
                "has-symbols": "^1.0.1"
            },
            "funding": {
                "url": "https://github.com/sponsors/ljharb"
            }
        },
        "node_modules/has": {
            "version": "1.0.3",
            "resolved": "https://registry.npmjs.org/has/-/has-1.0.3.tgz",
            "integrity": "sha512-f2dvO0VU6Oej7RkWJGrehjbzMAjFp5/VKPp5tTpWIV4JHHZK1/BxbFRtf/siA2SWTe09caDmVtYYzWEIbBS4zw==",
            "dependencies": {
                "function-bind": "^1.1.1"
            },
            "engines": {
                "node": ">= 0.4.0"
            }
        },
        "node_modules/has-symbols": {
            "version": "1.0.2",
            "resolved": "https://registry.npmjs.org/has-symbols/-/has-symbols-1.0.2.tgz",
            "integrity": "sha512-chXa79rL/UC2KlX17jo3vRGz0azaWEx5tGqZg5pO3NUyEJVB17dMruQlzCCOfUvElghKcm5194+BCRvi2Rv/Gw==",
            "engines": {
                "node": ">= 0.4"
            },
            "funding": {
                "url": "https://github.com/sponsors/ljharb"
            }
        },
        "node_modules/html-entities": {
            "version": "2.3.2",
            "resolved": "https://registry.npmjs.org/html-entities/-/html-entities-2.3.2.tgz",
            "integrity": "sha512-c3Ab/url5ksaT0WyleslpBEthOzWhrjQbg75y7XUsfSzi3Dgzt0l8w5e7DylRn15MTlMMD58dTfzddNS2kcAjQ=="
        },
        "node_modules/htmlparser2": {
            "version": "6.1.0",
            "resolved": "https://registry.npmjs.org/htmlparser2/-/htmlparser2-6.1.0.tgz",
            "integrity": "sha512-gyyPk6rgonLFEDGoeRgQNaEUvdJ4ktTmmUh/h2t7s+M8oPpIPxgNACWa+6ESR57kXstwqPiCut0V8NRpcwgU7A==",
            "funding": [
                "https://github.com/fb55/htmlparser2?sponsor=1",
                {
                    "type": "github",
                    "url": "https://github.com/sponsors/fb55"
                }
            ],
            "dependencies": {
                "domelementtype": "^2.0.1",
                "domhandler": "^4.0.0",
                "domutils": "^2.5.2",
                "entities": "^2.0.0"
            }
        },
        "node_modules/make-error": {
            "version": "1.3.6",
            "resolved": "https://registry.npmjs.org/make-error/-/make-error-1.3.6.tgz",
            "integrity": "sha512-s8UhlNe7vPKomQhC1qFelMokr/Sc3AgNbso3n74mVPA5LTZwkB9NlXf4XPamLxJE8h0gh73rM94xvwRT2CVInw==",
            "dev": true
        },
        "node_modules/moment": {
            "version": "2.29.4",
            "resolved": "https://registry.npmjs.org/moment/-/moment-2.29.4.tgz",
            "integrity": "sha512-5LC9SOxjSc2HF6vO2CyuTDNivEdoz2IvyJJGj6X8DJ0eFyfszE0QiEd+iXmBvUP3WHxSjFH/vIsA0EN00cgr8w==",
            "engines": {
                "node": "*"
            }
        },
        "node_modules/nth-check": {
            "version": "2.0.1",
            "resolved": "https://registry.npmjs.org/nth-check/-/nth-check-2.0.1.tgz",
            "integrity": "sha512-it1vE95zF6dTT9lBsYbxvqh0Soy4SPowchj0UBGj/V6cTPnXXtQOPUbhZ6CmGzAD/rW22LQK6E96pcdJXk4A4w==",
            "dependencies": {
                "boolbase": "^1.0.0"
            },
            "funding": {
                "url": "https://github.com/fb55/nth-check?sponsor=1"
            }
        },
        "node_modules/object-inspect": {
            "version": "1.10.2",
            "resolved": "https://registry.npmjs.org/object-inspect/-/object-inspect-1.10.2.tgz",
            "integrity": "sha512-gz58rdPpadwztRrPjZE9DZLOABUpTGdcANUgOwBFO1C+HZZhePoP83M65WGDmbpwFYJSWqavbl4SgDn4k8RYTA==",
            "funding": {
                "url": "https://github.com/sponsors/ljharb"
            }
        },
        "node_modules/parse5": {
            "version": "6.0.1",
            "resolved": "https://registry.npmjs.org/parse5/-/parse5-6.0.1.tgz",
            "integrity": "sha512-Ofn/CTFzRGTTxwpNEs9PP93gXShHcTq255nzRYSKe8AkVpZY7e1fpmTfOyoIvjP5HG7Z2ZM7VS9PPhQGW2pOpw=="
        },
        "node_modules/parse5-htmlparser2-tree-adapter": {
            "version": "6.0.1",
            "resolved": "https://registry.npmjs.org/parse5-htmlparser2-tree-adapter/-/parse5-htmlparser2-tree-adapter-6.0.1.tgz",
            "integrity": "sha512-qPuWvbLgvDGilKc5BoicRovlT4MtYT6JfJyBOMDsKoiT+GiuP5qyrPCnR9HcPECIJJmZh5jRndyNThnhhb/vlA==",
            "dependencies": {
                "parse5": "^6.0.1"
            }
        },
        "node_modules/progress": {
            "version": "2.0.3",
            "resolved": "https://registry.npmjs.org/progress/-/progress-2.0.3.tgz",
            "integrity": "sha512-7PiHtLll5LdnKIMw100I+8xJXR5gW2QwWYkT6iJva0bXitZKa/XMrSbdmg3r2Xnaidz9Qumd0VPaMrZlF9V9sA==",
            "engines": {
                "node": ">=0.4.0"
            }
        },
        "node_modules/qs": {
            "version": "6.10.1",
            "resolved": "https://registry.npmjs.org/qs/-/qs-6.10.1.tgz",
            "integrity": "sha512-M528Hph6wsSVOBiYUnGf+K/7w0hNshs/duGsNXPUCLH5XAqjEtiPGwNONLV0tBH8NoGb0mvD5JubnUTrujKDTg==",
            "dependencies": {
                "side-channel": "^1.0.4"
            },
            "engines": {
                "node": ">=0.6"
            },
            "funding": {
                "url": "https://github.com/sponsors/ljharb"
            }
        },
        "node_modules/side-channel": {
            "version": "1.0.4",
            "resolved": "https://registry.npmjs.org/side-channel/-/side-channel-1.0.4.tgz",
            "integrity": "sha512-q5XPytqFEIKHkGdiMIrY10mvLRvnQh42/+GoBlFW3b2LXLE2xxJpZFdm94we0BaoV3RwJyGqg5wS7epxTv0Zvw==",
            "dependencies": {
                "call-bind": "^1.0.0",
                "get-intrinsic": "^1.0.2",
                "object-inspect": "^1.9.0"
            },
            "funding": {
                "url": "https://github.com/sponsors/ljharb"
            }
        },
        "node_modules/source-map": {
            "version": "0.6.1",
            "resolved": "https://registry.npmjs.org/source-map/-/source-map-0.6.1.tgz",
            "integrity": "sha512-UjgapumWlbMhkBgzT7Ykc5YXUT46F0iKu8SGXq0bcwP5dz/h0Plj6enJqjz1Zbq2l5WaqYnrVbwWOWMyF3F47g==",
            "dev": true,
            "engines": {
                "node": ">=0.10.0"
            }
        },
        "node_modules/source-map-support": {
            "version": "0.5.19",
            "resolved": "https://registry.npmjs.org/source-map-support/-/source-map-support-0.5.19.tgz",
            "integrity": "sha512-Wonm7zOCIJzBGQdB+thsPar0kYuCIzYvxZwlBa87yi/Mdjv7Tip2cyVbLj5o0cFPN4EVkuTwb3GDDyUx2DGnGw==",
            "dev": true,
            "dependencies": {
                "buffer-from": "^1.0.0",
                "source-map": "^0.6.0"
            }
        },
        "node_modules/string-similarity": {
            "version": "4.0.4",
            "resolved": "https://registry.npmjs.org/string-similarity/-/string-similarity-4.0.4.tgz",
            "integrity": "sha512-/q/8Q4Bl4ZKAPjj8WerIBJWALKkaPRfrvhfF8k/B23i4nzrlRj2/go1m90In7nG/3XDSbOo0+pu6RvCTM9RGMQ=="
        },
        "node_modules/ts-node": {
            "version": "9.1.1",
            "resolved": "https://registry.npmjs.org/ts-node/-/ts-node-9.1.1.tgz",
            "integrity": "sha512-hPlt7ZACERQGf03M253ytLY3dHbGNGrAq9qIHWUY9XHYl1z7wYngSr3OQ5xmui8o2AaxsONxIzjafLUiWBo1Fg==",
            "dev": true,
            "dependencies": {
                "arg": "^4.1.0",
                "create-require": "^1.1.0",
                "diff": "^4.0.1",
                "make-error": "^1.1.1",
                "source-map-support": "^0.5.17",
                "yn": "3.1.1"
            },
            "bin": {
                "ts-node": "dist/bin.js",
                "ts-node-script": "dist/bin-script.js",
                "ts-node-transpile-only": "dist/bin-transpile.js",
                "ts-script": "dist/bin-script-deprecated.js"
            },
            "engines": {
                "node": ">=10.0.0"
            },
            "peerDependencies": {
                "typescript": ">=2.7"
            }
        },
        "node_modules/typescript": {
            "version": "4.2.4",
            "resolved": "https://registry.npmjs.org/typescript/-/typescript-4.2.4.tgz",
            "integrity": "sha512-V+evlYHZnQkaz8TRBuxTA92yZBPotr5H+WhQ7bD3hZUndx5tGOa1fuCgeSjxAzM1RiN5IzvadIXTVefuuwZCRg==",
            "dev": true,
            "bin": {
                "tsc": "bin/tsc",
                "tsserver": "bin/tsserver"
            },
            "engines": {
                "node": ">=4.2.0"
            }
        },
        "node_modules/yesno": {
            "version": "0.3.1",
            "resolved": "https://registry.npmjs.org/yesno/-/yesno-0.3.1.tgz",
            "integrity": "sha512-7RbCXegyu6DykWPWU0YEtW8gFJH8KBL2d5l2fqB0XpkH0Y9rk59YSSWpzEv7yNJBGAouPc67h3kkq0CZkpBdFw=="
        },
        "node_modules/yn": {
            "version": "3.1.1",
            "resolved": "https://registry.npmjs.org/yn/-/yn-3.1.1.tgz",
            "integrity": "sha512-Ux4ygGWsu2c7isFWe8Yu1YluJmqVhxqK2cLXNQA5AcC3QfbGNpM7fu0Y8b/z16pXLnFxZYvWhd3fhBY9DLmC6Q==",
            "dev": true,
            "engines": {
                "node": ">=6"
            }
        }
    },
    "dependencies": {
        "@types/node": {
            "version": "15.0.0",
            "resolved": "https://registry.npmjs.org/@types/node/-/node-15.0.0.tgz",
            "integrity": "sha512-YN1d+ae2MCb4U0mMa+Zlb5lWTdpFShbAj5nmte6lel27waMMBfivrm0prC16p/Di3DyTrmerrYUT8/145HXxVw=="
        },
        "@types/progress": {
            "version": "2.0.3",
            "resolved": "https://registry.npmjs.org/@types/progress/-/progress-2.0.3.tgz",
            "integrity": "sha512-bPOsfCZ4tsTlKiBjBhKnM8jpY5nmIll166IPD58D92hR7G7kZDfx5iB9wGF4NfZrdKolebjeAr3GouYkSGoJ/A==",
            "dev": true,
            "requires": {
                "@types/node": "*"
            }
        },
        "@types/qs": {
            "version": "6.9.6",
            "resolved": "https://registry.npmjs.org/@types/qs/-/qs-6.9.6.tgz",
            "integrity": "sha512-0/HnwIfW4ki2D8L8c9GVcG5I72s9jP5GSLVF0VIXDW00kmIpA6O33G7a8n59Tmh7Nz0WUC3rSb7PTY/sdW2JzA==",
            "dev": true
        },
        "@types/string-similarity": {
            "version": "4.0.0",
            "resolved": "https://registry.npmjs.org/@types/string-similarity/-/string-similarity-4.0.0.tgz",
            "integrity": "sha512-dMS4S07fbtY1AILG/RhuwmptmzK1Ql8scmAebOTJ/8iBtK/KI17NwGwKzu1uipjj8Kk+3mfPxum56kKZE93mzQ==",
            "dev": true
        },
        "arg": {
            "version": "4.1.3",
            "resolved": "https://registry.npmjs.org/arg/-/arg-4.1.3.tgz",
            "integrity": "sha512-58S9QDqG0Xx27YwPSt9fJxivjYl432YCwfDMfZ+71RAqUrZef7LrKQZ3LHLOwCS4FLNBplP533Zx895SeOCHvA==",
            "dev": true
        },
        "axios": {
            "version": "0.21.4",
            "resolved": "https://registry.npmjs.org/axios/-/axios-0.21.4.tgz",
            "integrity": "sha512-ut5vewkiu8jjGBdqpM44XxjuCjq9LAKeHVmoVfHVzy8eHgxxq8SbAVQNovDA8mVi05kP0Ea/n/UzcSHcTJQfNg==",
            "requires": {
                "follow-redirects": "^1.14.0"
            }
        },
        "boolbase": {
            "version": "1.0.0",
            "resolved": "https://registry.npmjs.org/boolbase/-/boolbase-1.0.0.tgz",
            "integrity": "sha1-aN/1++YMUes3cl6p4+0xDcwed24="
        },
        "buffer-from": {
            "version": "1.1.1",
            "resolved": "https://registry.npmjs.org/buffer-from/-/buffer-from-1.1.1.tgz",
            "integrity": "sha512-MQcXEUbCKtEo7bhqEs6560Hyd4XaovZlO/k9V3hjVUF/zwW7KBVdSK4gIt/bzwS9MbR5qob+F5jusZsb0YQK2A==",
            "dev": true
        },
        "call-bind": {
            "version": "1.0.2",
            "resolved": "https://registry.npmjs.org/call-bind/-/call-bind-1.0.2.tgz",
            "integrity": "sha512-7O+FbCihrB5WGbFYesctwmTKae6rOiIzmz1icreWJ+0aA7LJfuqhEso2T9ncpcFtzMQtzXf2QGGueWJGTYsqrA==",
            "requires": {
                "function-bind": "^1.1.1",
                "get-intrinsic": "^1.0.2"
            }
        },
        "cheerio": {
            "version": "1.0.0-rc.6",
            "resolved": "https://registry.npmjs.org/cheerio/-/cheerio-1.0.0-rc.6.tgz",
            "integrity": "sha512-hjx1XE1M/D5pAtMgvWwE21QClmAEeGHOIDfycgmndisdNgI6PE1cGRQkMGBcsbUbmEQyWu5PJLUcAOjtQS8DWw==",
            "requires": {
                "cheerio-select": "^1.3.0",
                "dom-serializer": "^1.3.1",
                "domhandler": "^4.1.0",
                "htmlparser2": "^6.1.0",
                "parse5": "^6.0.1",
                "parse5-htmlparser2-tree-adapter": "^6.0.1"
            }
        },
        "cheerio-select": {
            "version": "1.4.0",
            "resolved": "https://registry.npmjs.org/cheerio-select/-/cheerio-select-1.4.0.tgz",
            "integrity": "sha512-sobR3Yqz27L553Qa7cK6rtJlMDbiKPdNywtR95Sj/YgfpLfy0u6CGJuaBKe5YE/vTc23SCRKxWSdlon/w6I/Ew==",
            "requires": {
                "css-select": "^4.1.2",
                "css-what": "^5.0.0",
                "domelementtype": "^2.2.0",
                "domhandler": "^4.2.0",
                "domutils": "^2.6.0"
            }
        },
        "cheerio-tableparser": {
            "version": "1.0.1",
            "resolved": "https://registry.npmjs.org/cheerio-tableparser/-/cheerio-tableparser-1.0.1.tgz",
            "integrity": "sha1-5VrS3LU2G4wyOmy7jAzUbjy98c0="
        },
        "create-require": {
            "version": "1.1.1",
            "resolved": "https://registry.npmjs.org/create-require/-/create-require-1.1.1.tgz",
            "integrity": "sha512-dcKFX3jn0MpIaXjisoRvexIJVEKzaq7z2rZKxf+MSr9TkdmHmsU4m2lcLojrj/FHl8mk5VxMmYA+ftRkP/3oKQ==",
            "dev": true
        },
        "css-select": {
            "version": "4.1.2",
            "resolved": "https://registry.npmjs.org/css-select/-/css-select-4.1.2.tgz",
            "integrity": "sha512-nu5ye2Hg/4ISq4XqdLY2bEatAcLIdt3OYGFc9Tm9n7VSlFBcfRv0gBNksHRgSdUDQGtN3XrZ94ztW+NfzkFSUw==",
            "requires": {
                "boolbase": "^1.0.0",
                "css-what": "^5.0.0",
                "domhandler": "^4.2.0",
                "domutils": "^2.6.0",
                "nth-check": "^2.0.0"
            }
        },
        "css-what": {
            "version": "5.0.1",
            "resolved": "https://registry.npmjs.org/css-what/-/css-what-5.0.1.tgz",
            "integrity": "sha512-FYDTSHb/7KXsWICVsxdmiExPjCfRC4qRFBdVwv7Ax9hMnvMmEjP9RfxTEZ3qPZGmADDn2vAKSo9UcN1jKVYscg=="
        },
        "diff": {
            "version": "4.0.2",
            "resolved": "https://registry.npmjs.org/diff/-/diff-4.0.2.tgz",
            "integrity": "sha512-58lmxKSA4BNyLz+HHMUzlOEpg09FV+ev6ZMe3vJihgdxzgcwZ8VoEEPmALCZG9LmqfVoNMMKpttIYTVG6uDY7A==",
            "dev": true
        },
        "dom-serializer": {
            "version": "1.3.1",
            "resolved": "https://registry.npmjs.org/dom-serializer/-/dom-serializer-1.3.1.tgz",
            "integrity": "sha512-Pv2ZluG5ife96udGgEDovOOOA5UELkltfJpnIExPrAk1LTvecolUGn6lIaoLh86d83GiB86CjzciMd9BuRB71Q==",
            "requires": {
                "domelementtype": "^2.0.1",
                "domhandler": "^4.0.0",
                "entities": "^2.0.0"
            }
        },
        "domelementtype": {
            "version": "2.2.0",
            "resolved": "https://registry.npmjs.org/domelementtype/-/domelementtype-2.2.0.tgz",
            "integrity": "sha512-DtBMo82pv1dFtUmHyr48beiuq792Sxohr+8Hm9zoxklYPfa6n0Z3Byjj2IV7bmr2IyqClnqEQhfgHJJ5QF0R5A=="
        },
        "domhandler": {
            "version": "4.2.0",
            "resolved": "https://registry.npmjs.org/domhandler/-/domhandler-4.2.0.tgz",
            "integrity": "sha512-zk7sgt970kzPks2Bf+dwT/PLzghLnsivb9CcxkvR8Mzr66Olr0Ofd8neSbglHJHaHa2MadfoSdNlKYAaafmWfA==",
            "requires": {
                "domelementtype": "^2.2.0"
            }
        },
        "domutils": {
            "version": "2.6.0",
            "resolved": "https://registry.npmjs.org/domutils/-/domutils-2.6.0.tgz",
            "integrity": "sha512-y0BezHuy4MDYxh6OvolXYsH+1EMGmFbwv5FKW7ovwMG6zTPWqNPq3WF9ayZssFq+UlKdffGLbOEaghNdaOm1WA==",
            "requires": {
                "dom-serializer": "^1.0.1",
                "domelementtype": "^2.2.0",
                "domhandler": "^4.2.0"
            }
        },
        "entities": {
            "version": "2.2.0",
            "resolved": "https://registry.npmjs.org/entities/-/entities-2.2.0.tgz",
            "integrity": "sha512-p92if5Nz619I0w+akJrLZH0MX0Pb5DX39XOwQTtXSdQQOaYH03S1uIQp4mhOZtAXrxq4ViO67YTiLBo2638o9A=="
        },
        "follow-redirects": {
            "version": "1.15.2",
            "resolved": "https://registry.npmjs.org/follow-redirects/-/follow-redirects-1.15.2.tgz",
            "integrity": "sha512-VQLG33o04KaQ8uYi2tVNbdrWp1QWxNNea+nmIB4EVM28v0hmP17z7aG1+wAkNzVq4KeXTq3221ye5qTJP91JwA=="
        },
        "function-bind": {
            "version": "1.1.1",
            "resolved": "https://registry.npmjs.org/function-bind/-/function-bind-1.1.1.tgz",
            "integrity": "sha512-yIovAzMX49sF8Yl58fSCWJ5svSLuaibPxXQJFLmBObTuCr0Mf1KiPopGM9NiFjiYBCbfaa2Fh6breQ6ANVTI0A=="
        },
        "get-intrinsic": {
            "version": "1.1.1",
            "resolved": "https://registry.npmjs.org/get-intrinsic/-/get-intrinsic-1.1.1.tgz",
            "integrity": "sha512-kWZrnVM42QCiEA2Ig1bG8zjoIMOgxWwYCEeNdwY6Tv/cOSeGpcoX4pXHfKUxNKVoArnrEr2e9srnAxxGIraS9Q==",
            "requires": {
                "function-bind": "^1.1.1",
                "has": "^1.0.3",
                "has-symbols": "^1.0.1"
            }
        },
        "has": {
            "version": "1.0.3",
            "resolved": "https://registry.npmjs.org/has/-/has-1.0.3.tgz",
            "integrity": "sha512-f2dvO0VU6Oej7RkWJGrehjbzMAjFp5/VKPp5tTpWIV4JHHZK1/BxbFRtf/siA2SWTe09caDmVtYYzWEIbBS4zw==",
            "requires": {
                "function-bind": "^1.1.1"
            }
        },
        "has-symbols": {
            "version": "1.0.2",
            "resolved": "https://registry.npmjs.org/has-symbols/-/has-symbols-1.0.2.tgz",
            "integrity": "sha512-chXa79rL/UC2KlX17jo3vRGz0azaWEx5tGqZg5pO3NUyEJVB17dMruQlzCCOfUvElghKcm5194+BCRvi2Rv/Gw=="
        },
        "html-entities": {
            "version": "2.3.2",
            "resolved": "https://registry.npmjs.org/html-entities/-/html-entities-2.3.2.tgz",
            "integrity": "sha512-c3Ab/url5ksaT0WyleslpBEthOzWhrjQbg75y7XUsfSzi3Dgzt0l8w5e7DylRn15MTlMMD58dTfzddNS2kcAjQ=="
        },
        "htmlparser2": {
            "version": "6.1.0",
            "resolved": "https://registry.npmjs.org/htmlparser2/-/htmlparser2-6.1.0.tgz",
            "integrity": "sha512-gyyPk6rgonLFEDGoeRgQNaEUvdJ4ktTmmUh/h2t7s+M8oPpIPxgNACWa+6ESR57kXstwqPiCut0V8NRpcwgU7A==",
            "requires": {
                "domelementtype": "^2.0.1",
                "domhandler": "^4.0.0",
                "domutils": "^2.5.2",
                "entities": "^2.0.0"
            }
        },
        "make-error": {
            "version": "1.3.6",
            "resolved": "https://registry.npmjs.org/make-error/-/make-error-1.3.6.tgz",
            "integrity": "sha512-s8UhlNe7vPKomQhC1qFelMokr/Sc3AgNbso3n74mVPA5LTZwkB9NlXf4XPamLxJE8h0gh73rM94xvwRT2CVInw==",
            "dev": true
        },
        "moment": {
            "version": "2.29.4",
            "resolved": "https://registry.npmjs.org/moment/-/moment-2.29.4.tgz",
            "integrity": "sha512-5LC9SOxjSc2HF6vO2CyuTDNivEdoz2IvyJJGj6X8DJ0eFyfszE0QiEd+iXmBvUP3WHxSjFH/vIsA0EN00cgr8w=="
        },
        "nth-check": {
            "version": "2.0.1",
            "resolved": "https://registry.npmjs.org/nth-check/-/nth-check-2.0.1.tgz",
            "integrity": "sha512-it1vE95zF6dTT9lBsYbxvqh0Soy4SPowchj0UBGj/V6cTPnXXtQOPUbhZ6CmGzAD/rW22LQK6E96pcdJXk4A4w==",
            "requires": {
                "boolbase": "^1.0.0"
            }
        },
        "object-inspect": {
            "version": "1.10.2",
            "resolved": "https://registry.npmjs.org/object-inspect/-/object-inspect-1.10.2.tgz",
            "integrity": "sha512-gz58rdPpadwztRrPjZE9DZLOABUpTGdcANUgOwBFO1C+HZZhePoP83M65WGDmbpwFYJSWqavbl4SgDn4k8RYTA=="
        },
        "parse5": {
            "version": "6.0.1",
            "resolved": "https://registry.npmjs.org/parse5/-/parse5-6.0.1.tgz",
            "integrity": "sha512-Ofn/CTFzRGTTxwpNEs9PP93gXShHcTq255nzRYSKe8AkVpZY7e1fpmTfOyoIvjP5HG7Z2ZM7VS9PPhQGW2pOpw=="
        },
        "parse5-htmlparser2-tree-adapter": {
            "version": "6.0.1",
            "resolved": "https://registry.npmjs.org/parse5-htmlparser2-tree-adapter/-/parse5-htmlparser2-tree-adapter-6.0.1.tgz",
            "integrity": "sha512-qPuWvbLgvDGilKc5BoicRovlT4MtYT6JfJyBOMDsKoiT+GiuP5qyrPCnR9HcPECIJJmZh5jRndyNThnhhb/vlA==",
            "requires": {
                "parse5": "^6.0.1"
            }
        },
        "progress": {
            "version": "2.0.3",
            "resolved": "https://registry.npmjs.org/progress/-/progress-2.0.3.tgz",
            "integrity": "sha512-7PiHtLll5LdnKIMw100I+8xJXR5gW2QwWYkT6iJva0bXitZKa/XMrSbdmg3r2Xnaidz9Qumd0VPaMrZlF9V9sA=="
        },
        "qs": {
            "version": "6.10.1",
            "resolved": "https://registry.npmjs.org/qs/-/qs-6.10.1.tgz",
            "integrity": "sha512-M528Hph6wsSVOBiYUnGf+K/7w0hNshs/duGsNXPUCLH5XAqjEtiPGwNONLV0tBH8NoGb0mvD5JubnUTrujKDTg==",
            "requires": {
                "side-channel": "^1.0.4"
            }
        },
        "side-channel": {
            "version": "1.0.4",
            "resolved": "https://registry.npmjs.org/side-channel/-/side-channel-1.0.4.tgz",
            "integrity": "sha512-q5XPytqFEIKHkGdiMIrY10mvLRvnQh42/+GoBlFW3b2LXLE2xxJpZFdm94we0BaoV3RwJyGqg5wS7epxTv0Zvw==",
            "requires": {
                "call-bind": "^1.0.0",
                "get-intrinsic": "^1.0.2",
                "object-inspect": "^1.9.0"
            }
        },
        "source-map": {
            "version": "0.6.1",
            "resolved": "https://registry.npmjs.org/source-map/-/source-map-0.6.1.tgz",
            "integrity": "sha512-UjgapumWlbMhkBgzT7Ykc5YXUT46F0iKu8SGXq0bcwP5dz/h0Plj6enJqjz1Zbq2l5WaqYnrVbwWOWMyF3F47g==",
            "dev": true
        },
        "source-map-support": {
            "version": "0.5.19",
            "resolved": "https://registry.npmjs.org/source-map-support/-/source-map-support-0.5.19.tgz",
            "integrity": "sha512-Wonm7zOCIJzBGQdB+thsPar0kYuCIzYvxZwlBa87yi/Mdjv7Tip2cyVbLj5o0cFPN4EVkuTwb3GDDyUx2DGnGw==",
            "dev": true,
            "requires": {
                "buffer-from": "^1.0.0",
                "source-map": "^0.6.0"
            }
        },
        "string-similarity": {
            "version": "4.0.4",
            "resolved": "https://registry.npmjs.org/string-similarity/-/string-similarity-4.0.4.tgz",
            "integrity": "sha512-/q/8Q4Bl4ZKAPjj8WerIBJWALKkaPRfrvhfF8k/B23i4nzrlRj2/go1m90In7nG/3XDSbOo0+pu6RvCTM9RGMQ=="
        },
        "ts-node": {
            "version": "9.1.1",
            "resolved": "https://registry.npmjs.org/ts-node/-/ts-node-9.1.1.tgz",
            "integrity": "sha512-hPlt7ZACERQGf03M253ytLY3dHbGNGrAq9qIHWUY9XHYl1z7wYngSr3OQ5xmui8o2AaxsONxIzjafLUiWBo1Fg==",
            "dev": true,
            "requires": {
                "arg": "^4.1.0",
                "create-require": "^1.1.0",
                "diff": "^4.0.1",
                "make-error": "^1.1.1",
                "source-map-support": "^0.5.17",
                "yn": "3.1.1"
            }
        },
        "typescript": {
            "version": "4.2.4",
            "resolved": "https://registry.npmjs.org/typescript/-/typescript-4.2.4.tgz",
            "integrity": "sha512-V+evlYHZnQkaz8TRBuxTA92yZBPotr5H+WhQ7bD3hZUndx5tGOa1fuCgeSjxAzM1RiN5IzvadIXTVefuuwZCRg==",
            "dev": true
        },
        "yesno": {
            "version": "0.3.1",
            "resolved": "https://registry.npmjs.org/yesno/-/yesno-0.3.1.tgz",
            "integrity": "sha512-7RbCXegyu6DykWPWU0YEtW8gFJH8KBL2d5l2fqB0XpkH0Y9rk59YSSWpzEv7yNJBGAouPc67h3kkq0CZkpBdFw=="
        },
        "yn": {
            "version": "3.1.1",
            "resolved": "https://registry.npmjs.org/yn/-/yn-3.1.1.tgz",
            "integrity": "sha512-Ux4ygGWsu2c7isFWe8Yu1YluJmqVhxqK2cLXNQA5AcC3QfbGNpM7fu0Y8b/z16pXLnFxZYvWhd3fhBY9DLmC6Q==",
            "dev": true
        }
    }
}
